Microsoft Visual Studio Solution File, Format Version 11.00
# Visual Studio 2010
Project("{8BC9CEB8-8B4A-11D0-8D11-00A0C91BC942}") = "fire_Kinetis", "fire_Kinetis.vcxproj", "{6a28f5be-12ff-4255-7d5d-2cbb299ff361}"
EndProject
Global
	GlobalSection(SolutionConfigurationPlatforms) = preSolution
		Debug|Win32 = Debug|Win32
		Release|Win32 = Release|Win32
	EndGlobalSection
	GlobalSection(ProjectConfigurationPlatforms) = postSolution
		{6a28f5be-12ff-4255-7d5d-2cbb299ff361}.FX15_Debug|Win32.ActiveCfg = FX15_Debug|Win32
		{6a28f5be-12ff-4255-7d5d-2cbb299ff361}.FX15_Debug|Win32.Build.0 = FX15_Debug|Win32
		{6a28f5be-12ff-4255-7d5d-2cbb299ff361}.FX15_Release|Win32.ActiveCfg = FX15_Release|Win32
		{6a28f5be-12ff-4255-7d5d-2cbb299ff361}.FX15_Release|Win32.Build.0 = FX15_Release|Win32
		{6a28f5be-12ff-4255-7d5d-2cbb299ff361}.DZ10_Debug|Win32.ActiveCfg = DZ10_Debug|Win32
		{6a28f5be-12ff-4255-7d5d-2cbb299ff361}.DZ10_Debug|Win32.Build.0 = DZ10_Debug|Win32
		{6a28f5be-12ff-4255-7d5d-2cbb299ff361}.DZ10_Release|Win32.ActiveCfg = DZ10_Release|Win32
		{6a28f5be-12ff-4255-7d5d-2cbb299ff361}.DZ10_Release|Win32.Build.0 = DZ10_Release|Win32
	EndGlobalSection
	GlobalSection(SolutionProperties) = preSolution
		HideSolutionNode = FALSE
	EndGlobalSection
EndGlobal